<?xml version="1.0" encoding="utf-8"?>
<Project ToolsVersion="4.0" xmlns="http://schemas.microsoft.com/developer/msbuild/2003">
  <ItemGroup>
    <ClCompile Include="src\dllmain.cpp" />
    <ClCompile Include="src\console\console.cpp" />
    <ClCompile Include="src\utils\utils.cpp" />
    <ClCompile Include="src\hooks\hooks.cpp" />
    <ClCompile Include="src\dependencies\imgui\imgui.cpp" />
    <ClCompile Include="src\dependencies\imgui\imgui_demo.cpp" />
    <ClCompile Include="src\dependencies\imgui\imgui_draw.cpp" />
    <ClCompile Include="src\dependencies\imgui\imgui_impl_win32.cpp" />
    <ClCompile Include="src\dependencies\imgui\imgui_tables.cpp" />
    <ClCompile Include="src\dependencies\imgui\imgui_widgets.cpp" />
    <ClCompile Include="src\dependencies\minhook\hde\hde32.c" />
    <ClCompile Include="src\dependencies\minhook\hde\hde64.c" />
    <ClCompile Include="src\dependencies\minhook\buffer.c" />
    <ClCompile Include="src\dependencies\minhook\hook.c" />
    <ClCompile Include="src\dependencies\minhook\trampoline.c" />
    <ClCompile Include="src\hooks\backend\opengl\hook_opengl.cpp" />
    <ClCompile Include="src\dependencies\imgui\imgui_impl_opengl3.cpp" />
    <ClCompile Include="src\menu\menu.cpp" />
    <ClCompile Include="src\hooks\backend\vulkan\hook_vulkan.cpp" />
    <ClCompile Include="src\dependencies\imgui\imgui_impl_vulkan.cpp" />
    <ClCompile Include="src\auth\Authclient.cpp" />
    <ClCompile Include="src\auth\Hash.cpp" />
    <ClCompile Include="src\auth\HWID.cpp" />
    <ClCompile Include="src\modules\combat\cw.cpp" />
    <ClCompile Include="src\utils\sdk\java.cpp" />
    <ClCompile Include="src\utils\imageloader.cpp" />
    <ClCompile Include="src\Base.cpp" />
    <ClCompile Include="src\modules\ModulManager.cpp" />
  </ItemGroup>
  <ItemGroup>
    <ClInclude Include="src\console\console.hpp" />
    <ClInclude Include="src\hooks\hooks.hpp" />
    <ClInclude Include="src\utils\utils.hpp" />
    <ClInclude Include="src\dependencies\imgui\imconfig.h" />
    <ClInclude Include="src\dependencies\imgui\imgui.h" />
    <ClInclude Include="src\dependencies\imgui\imgui_impl_win32.h" />
    <ClInclude Include="src\dependencies\imgui\imgui_internal.h" />
    <ClInclude Include="src\dependencies\imgui\imstb_rectpack.h" />
    <ClInclude Include="src\dependencies\imgui\imstb_textedit.h" />
    <ClInclude Include="src\dependencies\imgui\imstb_truetype.h" />
    <ClInclude Include="src\dependencies\minhook\hde\hde32.h" />
    <ClInclude Include="src\dependencies\minhook\hde\hde64.h" />
    <ClInclude Include="src\dependencies\minhook\hde\pstdint.h" />
    <ClInclude Include="src\dependencies\minhook\hde\table32.h" />
    <ClInclude Include="src\dependencies\minhook\hde\table64.h" />
    <ClInclude Include="src\dependencies\minhook\buffer.h" />
    <ClInclude Include="src\dependencies\minhook\MinHook.h" />
    <ClInclude Include="src\dependencies\minhook\trampoline.h" />
    <ClInclude Include="src\hooks\backend\opengl\hook_opengl.hpp" />
    <ClInclude Include="src\dependencies\imgui\imgui_impl_opengl3.h" />
    <ClInclude Include="src\dependencies\imgui\imgui_impl_opengl3_loader.h" />
    <ClInclude Include="src\backend.hpp" />
    <ClInclude Include="src\menu\menu.hpp" />
    <ClInclude Include="src\hooks\backend\vulkan\hook_vulkan.hpp" />
    <ClInclude Include="src\dependencies\imgui\imgui_impl_vulkan.h" />
    <ClInclude Include="src\auth\Authclient.h" />
    <ClInclude Include="src\auth\Hash.h" />
    <ClInclude Include="src\auth\HWID.h" />
    <ClInclude Include="src\dependencies\images\bytearray.h" />
    <ClInclude Include="src\dependencies\jni\classfile_constants.h" />
    <ClInclude Include="src\dependencies\jni\jawt.h" />
    <ClInclude Include="src\dependencies\jni\jawt_md.h" />
    <ClInclude Include="src\dependencies\jni\jdwpTransport.h" />
    <ClInclude Include="src\dependencies\jni\jni.h" />
    <ClInclude Include="src\dependencies\jni\jni_md.h" />
    <ClInclude Include="src\dependencies\jni\jvmti.h" />
    <ClInclude Include="src\dependencies\jni\jvmticmlr.h" />
    <ClInclude Include="src\utils\sdk\java.hpp" />
    <ClInclude Include="src\utils\imageloader.hpp" />
    <ClInclude Include="src\utils\sdk\CMinecraft.h" />
    <ClInclude Include="src\modules\ModuleManager.hpp" />
    <ClInclude Include="src\base.hpp" />
    <ClInclude Include="src\modules\ModulBase.hpp" />
    <ClInclude Include="src\modules\combat\cw.hpp" />
    <ClInclude Include="src\modules\settings.hpp" />
    <ClInclude Include="src\dependencies\mapper\JNIMapper.h" />
    <ClInclude Include="src\dependencies\mapper\JNITypes.h" />
    <ClInclude Include="src\dependencies\mapper\json.hpp" />
    <ClInclude Include="src\dependencies\mapper\rsc.h" />
    <ClInclude Include="src\modules\combat\CwCrystal.hpp" />
    <ClInclude Include="src\modules\combat\AutoTotem.hpp" />
    <ClInclude Include="src\modules\combat\Reach.hpp" />
    <ClInclude Include="src\modules\movement\NoJumpDelay.hpp" />
    <ClInclude Include="src\modules\movement\Sprint.hpp" />
  </ItemGroup>
  <ItemGroup>
    <Library Include="src\dependencies\jni\jvm.lib" />
  </ItemGroup>
</Project>